{
  "version": 4,
  "terraform_version": "1.3.4",
  "serial": 72,
  "lineage": "39447d4d-4503-cc91-ceb5-b4cf895eccf8",
  "outputs": {},
  "resources": [
    {
      "mode": "data",
      "type": "template_file",
      "name": "startup_script",
      "provider": "provider[\"registry.terraform.io/hashicorp/template\"]",
      "instances": [
        {
          "schema_version": 0,
          "attributes": {
            "filename": null,
            "id": "d5245ce6f065a2c3b3fda0b3e7d54a08a7b2bf1b44f4b74da829dd49e9f7f660",
            "rendered": "  echo \"export USE_GKE_GCLOUD_AUTH_PLUGIN=True\" \u003e\u003e /etc/profile\n  sudo yum install -y google-cloud-sdk-gke-gcloud-auth-plugin\n  sudo yum install -y kubectl\n  sudo yum install -y bash-completion\n  source \u003c(kubectl completion bash)\n  echo \"gcloud container clusters get-credentials cluster-1 --zone asia-northeast3-a --project class-mino-01 \u003e /dev/null 2\u003e\u00261\" \u003e\u003e /etc/profile\n  echo \"source \u003c(kubectl completion bash)\" \u003e\u003e /etc/bashrc\n  sudo yum remove docker \\\n                  docker-client \\\n                  docker-client-latest \\\n                  docker-common \\\n                  docker-latest \\\n                  docker-latest-logrotate \\\n                  docker-logrotate \\\n                  docker-engine\n  sudo yum install -y yum-utils\n  sudo yum-config-manager \\\n      --add-repo \\\n       https://download.docker.com/linux/centos/docker-ce.repo\n  sudo yum -y install docker-ce docker-ce-cli containerd.io docker-compose-plugin\n  systemctl enable --now docker\n  sudo usermod -a -G docker gmlxo4409\n  sudo yum install -y git\n",
            "template": "  echo \"export USE_GKE_GCLOUD_AUTH_PLUGIN=True\" \u003e\u003e /etc/profile\n  sudo yum install -y google-cloud-sdk-gke-gcloud-auth-plugin\n  sudo yum install -y kubectl\n  sudo yum install -y bash-completion\n  source \u003c(kubectl completion bash)\n  echo \"gcloud container clusters get-credentials cluster-1 --zone asia-northeast3-a --project class-mino-01 \u003e /dev/null 2\u003e\u00261\" \u003e\u003e /etc/profile\n  echo \"source \u003c(kubectl completion bash)\" \u003e\u003e /etc/bashrc\n  sudo yum remove docker \\\n                  docker-client \\\n                  docker-client-latest \\\n                  docker-common \\\n                  docker-latest \\\n                  docker-latest-logrotate \\\n                  docker-logrotate \\\n                  docker-engine\n  sudo yum install -y yum-utils\n  sudo yum-config-manager \\\n      --add-repo \\\n       https://download.docker.com/linux/centos/docker-ce.repo\n  sudo yum -y install docker-ce docker-ce-cli containerd.io docker-compose-plugin\n  systemctl enable --now docker\n  sudo usermod -a -G docker gmlxo4409\n  sudo yum install -y git\n",
            "vars": null
          },
          "sensitive_attributes": []
        }
      ]
    },
    {
      "mode": "data",
      "type": "terraform_remote_state",
      "name": "kf_bucket",
      "provider": "provider[\"terraform.io/builtin/terraform\"]",
      "instances": [
        {
          "schema_version": 0,
          "attributes": {
            "backend": "gcs",
            "config": {
              "value": {
                "bucket": "kf-tfstate-01",
                "prefix": "terraform/state"
              },
              "type": [
                "object",
                {
                  "bucket": "string",
                  "prefix": "string"
                }
              ]
            },
            "defaults": null,
            "outputs": {
              "value": {
                "kf_gke": {
                  "addons_config": [
                    {
                      "cloudrun_config": [],
                      "config_connector_config": [],
                      "dns_cache_config": [],
                      "gce_persistent_disk_csi_driver_config": [
                        {
                          "enabled": true
                        }
                      ],
                      "gcp_filestore_csi_driver_config": [],
                      "gke_backup_agent_config": [],
                      "horizontal_pod_autoscaling": [
                        {
                          "disabled": false
                        }
                      ],
                      "http_load_balancing": [
                        {
                          "disabled": false
                        }
                      ],
                      "istio_config": [],
                      "kalm_config": [],
                      "network_policy_config": [
                        {
                          "disabled": true
                        }
                      ]
                    }
                  ],
                  "authenticator_groups_config": [],
                  "binary_authorization": [
                    {
                      "enabled": false,
                      "evaluation_mode": ""
                    }
                  ],
                  "cluster_autoscaling": [
                    {
                      "auto_provisioning_defaults": [],
                      "autoscaling_profile": "BALANCED",
                      "enabled": false,
                      "resource_limits": []
                    }
                  ],
                  "cluster_ipv4_cidr": "10.200.0.0/16",
                  "cluster_telemetry": [
                    {
                      "type": "ENABLED"
                    }
                  ],
                  "confidential_nodes": [],
                  "cost_management_config": [],
                  "database_encryption": [
                    {
                      "key_name": "",
                      "state": "DECRYPTED"
                    }
                  ],
                  "datapath_provider": "",
                  "default_max_pods_per_node": 110,
                  "default_snat_status": [
                    {
                      "disabled": false
                    }
                  ],
                  "description": "",
                  "dns_config": [],
                  "enable_autopilot": false,
                  "enable_binary_authorization": false,
                  "enable_intranode_visibility": false,
                  "enable_kubernetes_alpha": false,
                  "enable_l4_ilb_subsetting": false,
                  "enable_legacy_abac": false,
                  "enable_shielded_nodes": true,
                  "enable_tpu": false,
                  "endpoint": "34.64.200.90",
                  "id": "projects/class-mino-01/locations/asia-northeast3/clusters/kf-cluster-01",
                  "identity_service_config": [],
                  "initial_node_count": 1,
                  "ip_allocation_policy": [
                    {
                      "cluster_ipv4_cidr_block": "10.200.0.0/16",
                      "cluster_secondary_range_name": "gke-kf-cluster-01-pods-5a61e0c4",
                      "services_ipv4_cidr_block": "10.100.0.0/16",
                      "services_secondary_range_name": "gke-kf-cluster-01-services-5a61e0c4"
                    }
                  ],
                  "label_fingerprint": "a9dc16a7",
                  "location": "asia-northeast3",
                  "logging_config": [
                    {
                      "enable_components": [
                        "SYSTEM_COMPONENTS",
                        "WORKLOADS"
                      ]
                    }
                  ],
                  "logging_service": "logging.googleapis.com/kubernetes",
                  "maintenance_policy": [],
                  "master_auth": [
                    {
                      "client_certificate": "",
                      "client_certificate_config": [
                        {
                          "issue_client_certificate": false
                        }
                      ],
                      "client_key": "",
                      "cluster_ca_certificate": "LS0tLS1CRUdJTiBDRVJUSUZJQ0FURS0tLS0tCk1JSUVMVENDQXBXZ0F3SUJBZ0lSQU1uQ3MwYW1zVXZLY1ZkbGlDb3F6am93RFFZSktvWklodmNOQVFFTEJRQXcKTHpFdE1Dc0dBMVVFQXhNa1pEWTNNVGxpT1RVdFlqTmtPUzAwTkRobExXSmhZelF0WkRVM1lUZzFOREEzTkdNNQpNQ0FYRFRJeU1USXdNVEl6TkRZMU9Wb1lEekl3TlRJeE1USTBNREEwTmpVNVdqQXZNUzB3S3dZRFZRUURFeVJrCk5qY3hPV0k1TlMxaU0yUTVMVFEwT0dVdFltRmpOQzFrTlRkaE9EVTBNRGMwWXprd2dnR2lNQTBHQ1NxR1NJYjMKRFFFQkFRVUFBNElCandBd2dnR0tBb0lCZ1FDUmNmd01hRVFwdTMwTXJjQm9INmM4RXRaV1BST0NJOEFJQ0c4MQprL1FnZ1Z0U2s0YndSUW5QSlVhdEN6dWwrcUhWODNLS2FuaTNJSlZMSWpVSFpVRHRndys4Vnh3eFU1V1BNWjVmCkJVTTQrTzFZRkgzRk8rWlR2K2hUYmtKdnJ0TmlJS2dTUXBiSXJNbUx3c0FSOVZFbDQ3WUdmRlVJZE9MY1JMRG8KSjU3Y09wNWhJaW80cFM1UjhReEI1VW94d2xqQnlDU0twdThQZnFzY0w4Q2hkOFRtdURUK3ZTWlhGVGxuOFU0SApiYU9RQ3hZaE9wY2tuZ2tmUnhWbmdScUkxMHM0VDhZYTBBL2xOVllUTTRNTXlIYWpGZnNwQ2JFdE5SL2RxRkRwCkJ1T1IyZ1FBd3BSK2ZSMWovLzJaOHhzU2xseWVXa2wxYXF3S0o3VVZFcVBIckJQZklDbWRBM1pkZU50eW5GQW4KZkxVN2FsbVdzNnp5MXBZakhmc25pQjk4YWRXSklJeUliRTcvbEYwbEc5S0VGRG9rUVdtVldhZnlkWUE4S04rTgpObWJDYXBCc0l4c2RjQzVzQkFLdWkycWlDbHMwTUpPa0RoS2wwa1JubGp1QnByMnd2UnFkUU1GbFJ0NTJPblByCm9aMGxub1FHOHVCSDhTSVM2djZWVWhmZ2RnMENBd0VBQWFOQ01FQXdEZ1lEVlIwUEFRSC9CQVFEQWdJRU1BOEcKQTFVZEV3RUIvd1FGTUFNQkFmOHdIUVlEVlIwT0JCWUVGS20yOFlKT0NoUDRNR0E4SVpHOEU1cXFGRnBWTUEwRwpDU3FHU0liM0RRRUJDd1VBQTRJQmdRQ0daSGVhV0cyUFhjbkZJOFNXTzdVbEVwS3V5SHVELysvTW14WFdZa0diCnNIenkvVmt1aG9LQ0hrOERuZ1kyYzdzektJSFpQM0RJNWxQNTVKdjhQZ3ZuN3ZuVXJ3MHltMTFaSldMS0pjWm0KR0plSll0YkVpbW5PYzYrTGlNSjh1SmtOV0xWTG5xL2dsNjBGWnpuZkM1ZXZ5bmFyR1VEdllvbXRIc2EzQ2F5Uwp6NVY3QzZoN2VJdnRaM0ErbWVkanFLQUh6bW5TemZJUURWc2xrdUZ0QnE3SDU4OWJJdEhRM0VmNHh6WVIyOHV0CmVxOWpMZkFBdjJFZm83T0pkanREZ0JuNUMwUlZSNWJYSzBpckthNTZTalVwUnBTVmZPbkYwTlIrZjZtUmo0VG4KS2MraW15amh6WEM1ZWYyNks5K3JpR3JrWmcwdXQ1eit5QWl6ZlluaHBnOXBzL1orQ2IwaWM1UEFYRDFQdXFaQQo3R091M3BHVjNES0dJd0gvV3BmS0xWWHBFbGVqOVJpWHBjeUxIeE83YzBUK2E3cC9hNXBNWENwNUQ0cEtxRjFhCnNZdEFXRHFURXZmYlpMZXM2QytIVS9BSDZtekV0cGk1MnNtUklxZFcvTGVIaU9FM2NzSGpMNSs1UGxlZUlNL1UKMUFFamFFN3M4RjJpWWYxdnJqUEYyb1U9Ci0tLS0tRU5EIENFUlRJRklDQVRFLS0tLS0K"
                    }
                  ],
                  "master_authorized_networks_config": [
                    {
                      "cidr_blocks": [
                        {
                          "cidr_block": "10.0.0.200/32",
                          "display_name": "kf-bastion"
                        }
                      ]
                    }
                  ],
                  "master_version": "1.23.12-gke.100",
                  "mesh_certificates": [],
                  "min_master_version": null,
                  "monitoring_config": [
                    {
                      "enable_components": [
                        "SYSTEM_COMPONENTS"
                      ],
                      "managed_prometheus": []
                    }
                  ],
                  "monitoring_service": "monitoring.googleapis.com/kubernetes",
                  "name": "kf-cluster-01",
                  "network": "projects/class-mino-01/global/networks/kf-vpc-01",
                  "network_policy": [
                    {
                      "enabled": false,
                      "provider": "PROVIDER_UNSPECIFIED"
                    }
                  ],
                  "networking_mode": "VPC_NATIVE",
                  "node_config": [],
                  "node_locations": [
                    "asia-northeast3-a",
                    "asia-northeast3-b",
                    "asia-northeast3-c"
                  ],
                  "node_pool": [],
                  "node_pool_auto_config": [
                    {
                      "network_tags": null
                    }
                  ],
                  "node_pool_defaults": [
                    {
                      "node_config_defaults": [
                        {
                          "gcfs_config": [],
                          "logging_variant": "DEFAULT"
                        }
                      ]
                    }
                  ],
                  "node_version": "1.23.12-gke.100",
                  "notification_config": [
                    {
                      "pubsub": [
                        {
                          "enabled": false,
                          "filter": [],
                          "topic": ""
                        }
                      ]
                    }
                  ],
                  "operation": null,
                  "pod_security_policy_config": [
                    {
                      "enabled": false
                    }
                  ],
                  "private_cluster_config": [
                    {
                      "enable_private_endpoint": false,
                      "enable_private_nodes": true,
                      "master_global_access_config": [
                        {
                          "enabled": false
                        }
                      ],
                      "master_ipv4_cidr_block": "10.10.0.0/28",
                      "peering_name": "gke-n292a5294b710f680eec-9d5e-006f-peer",
                      "private_endpoint": "10.10.0.2",
                      "public_endpoint": "34.64.200.90"
                    }
                  ],
                  "private_ipv6_google_access": "",
                  "project": "class-mino-01",
                  "release_channel": [
                    {
                      "channel": "REGULAR"
                    }
                  ],
                  "remove_default_node_pool": true,
                  "resource_labels": null,
                  "resource_usage_export_config": [],
                  "self_link": "https://container.googleapis.com/v1beta1/projects/class-mino-01/locations/asia-northeast3/clusters/kf-cluster-01",
                  "service_external_ips_config": [
                    {
                      "enabled": false
                    }
                  ],
                  "services_ipv4_cidr": "10.100.0.0/16",
                  "subnetwork": "projects/class-mino-01/regions/asia-northeast3/subnetworks/kf-subnet-01",
                  "timeouts": null,
                  "tpu_config": null,
                  "tpu_ipv4_cidr_block": "",
                  "vertical_pod_autoscaling": [],
                  "workload_identity_config": [
                    {
                      "workload_pool": "class-mino-01.svc.id.goog"
                    }
                  ]
                },
                "kf_subnet": {
                  "creation_timestamp": "2022-12-01T16:35:51.373-08:00",
                  "description": "",
                  "external_ipv6_prefix": "",
                  "fingerprint": null,
                  "gateway_address": "10.0.0.1",
                  "id": "projects/class-mino-01/regions/asia-northeast3/subnetworks/kf-subnet-01",
                  "ip_cidr_range": "10.0.0.0/16",
                  "ipv6_access_type": "",
                  "ipv6_cidr_range": "",
                  "log_config": [],
                  "name": "kf-subnet-01",
                  "network": "https://www.googleapis.com/compute/v1/projects/class-mino-01/global/networks/kf-vpc-01",
                  "private_ip_google_access": false,
                  "private_ipv6_google_access": "DISABLE_GOOGLE_ACCESS",
                  "project": "class-mino-01",
                  "purpose": "PRIVATE",
                  "region": "asia-northeast3",
                  "role": "",
                  "secondary_ip_range": [],
                  "self_link": "https://www.googleapis.com/compute/v1/projects/class-mino-01/regions/asia-northeast3/subnetworks/kf-subnet-01",
                  "stack_type": "IPV4_ONLY",
                  "timeouts": null
                },
                "kf_vpc": {
                  "auto_create_subnetworks": false,
                  "delete_default_routes_on_create": false,
                  "description": "",
                  "enable_ula_internal_ipv6": false,
                  "gateway_ipv4": "",
                  "id": "projects/class-mino-01/global/networks/kf-vpc-01",
                  "internal_ipv6_range": "",
                  "mtu": 1460,
                  "name": "kf-vpc-01",
                  "project": "class-mino-01",
                  "routing_mode": "REGIONAL",
                  "self_link": "https://www.googleapis.com/compute/v1/projects/class-mino-01/global/networks/kf-vpc-01",
                  "timeouts": null
                }
              },
              "type": [
                "object",
                {
                  "kf_gke": [
                    "object",
                    {
                      "addons_config": [
                        "list",
                        [
                          "object",
                          {
                            "cloudrun_config": [
                              "list",
                              [
                                "object",
                                {
                                  "disabled": "bool",
                                  "load_balancer_type": "string"
                                }
                              ]
                            ],
                            "config_connector_config": [
                              "list",
                              [
                                "object",
                                {
                                  "enabled": "bool"
                                }
                              ]
                            ],
                            "dns_cache_config": [
                              "list",
                              [
                                "object",
                                {
                                  "enabled": "bool"
                                }
                              ]
                            ],
                            "gce_persistent_disk_csi_driver_config": [
                              "list",
                              [
                                "object",
                                {
                                  "enabled": "bool"
                                }
                              ]
                            ],
                            "gcp_filestore_csi_driver_config": [
                              "list",
                              [
                                "object",
                                {
                                  "enabled": "bool"
                                }
                              ]
                            ],
                            "gke_backup_agent_config": [
                              "list",
                              [
                                "object",
                                {
                                  "enabled": "bool"
                                }
                              ]
                            ],
                            "horizontal_pod_autoscaling": [
                              "list",
                              [
                                "object",
                                {
                                  "disabled": "bool"
                                }
                              ]
                            ],
                            "http_load_balancing": [
                              "list",
                              [
                                "object",
                                {
                                  "disabled": "bool"
                                }
                              ]
                            ],
                            "istio_config": [
                              "list",
                              [
                                "object",
                                {
                                  "auth": "string",
                                  "disabled": "bool"
                                }
                              ]
                            ],
                            "kalm_config": [
                              "list",
                              [
                                "object",
                                {
                                  "enabled": "bool"
                                }
                              ]
                            ],
                            "network_policy_config": [
                              "list",
                              [
                                "object",
                                {
                                  "disabled": "bool"
                                }
                              ]
                            ]
                          }
                        ]
                      ],
                      "authenticator_groups_config": [
                        "list",
                        [
                          "object",
                          {
                            "security_group": "string"
                          }
                        ]
                      ],
                      "binary_authorization": [
                        "list",
                        [
                          "object",
                          {
                            "enabled": "bool",
                            "evaluation_mode": "string"
                          }
                        ]
                      ],
                      "cluster_autoscaling": [
                        "list",
                        [
                          "object",
                          {
                            "auto_provisioning_defaults": [
                              "list",
                              [
                                "object",
                                {
                                  "boot_disk_kms_key": "string",
                                  "disk_size": "number",
                                  "disk_type": "string",
                                  "image_type": "string",
                                  "management": [
                                    "list",
                                    [
                                      "object",
                                      {
                                        "auto_repair": "bool",
                                        "auto_upgrade": "bool",
                                        "upgrade_options": [
                                          "list",
                                          [
                                            "object",
                                            {
                                              "auto_upgrade_start_time": "string",
                                              "description": "string"
                                            }
                                          ]
                                        ]
                                      }
                                    ]
                                  ],
                                  "min_cpu_platform": "string",
                                  "oauth_scopes": [
                                    "list",
                                    "string"
                                  ],
                                  "service_account": "string",
                                  "shielded_instance_config": [
                                    "list",
                                    [
                                      "object",
                                      {
                                        "enable_integrity_monitoring": "bool",
                                        "enable_secure_boot": "bool"
                                      }
                                    ]
                                  ]
                                }
                              ]
                            ],
                            "autoscaling_profile": "string",
                            "enabled": "bool",
                            "resource_limits": [
                              "list",
                              [
                                "object",
                                {
                                  "maximum": "number",
                                  "minimum": "number",
                                  "resource_type": "string"
                                }
                              ]
                            ]
                          }
                        ]
                      ],
                      "cluster_ipv4_cidr": "string",
                      "cluster_telemetry": [
                        "list",
                        [
                          "object",
                          {
                            "type": "string"
                          }
                        ]
                      ],
                      "confidential_nodes": [
                        "list",
                        [
                          "object",
                          {
                            "enabled": "bool"
                          }
                        ]
                      ],
                      "cost_management_config": [
                        "list",
                        [
                          "object",
                          {
                            "enabled": "bool"
                          }
                        ]
                      ],
                      "database_encryption": [
                        "list",
                        [
                          "object",
                          {
                            "key_name": "string",
                            "state": "string"
                          }
                        ]
                      ],
                      "datapath_provider": "string",
                      "default_max_pods_per_node": "number",
                      "default_snat_status": [
                        "list",
                        [
                          "object",
                          {
                            "disabled": "bool"
                          }
                        ]
                      ],
                      "description": "string",
                      "dns_config": [
                        "list",
                        [
                          "object",
                          {
                            "cluster_dns": "string",
                            "cluster_dns_domain": "string",
                            "cluster_dns_scope": "string"
                          }
                        ]
                      ],
                      "enable_autopilot": "bool",
                      "enable_binary_authorization": "bool",
                      "enable_intranode_visibility": "bool",
                      "enable_kubernetes_alpha": "bool",
                      "enable_l4_ilb_subsetting": "bool",
                      "enable_legacy_abac": "bool",
                      "enable_shielded_nodes": "bool",
                      "enable_tpu": "bool",
                      "endpoint": "string",
                      "id": "string",
                      "identity_service_config": [
                        "list",
                        [
                          "object",
                          {
                            "enabled": "bool"
                          }
                        ]
                      ],
                      "initial_node_count": "number",
                      "ip_allocation_policy": [
                        "list",
                        [
                          "object",
                          {
                            "cluster_ipv4_cidr_block": "string",
                            "cluster_secondary_range_name": "string",
                            "services_ipv4_cidr_block": "string",
                            "services_secondary_range_name": "string"
                          }
                        ]
                      ],
                      "label_fingerprint": "string",
                      "location": "string",
                      "logging_config": [
                        "list",
                        [
                          "object",
                          {
                            "enable_components": [
                              "list",
                              "string"
                            ]
                          }
                        ]
                      ],
                      "logging_service": "string",
                      "maintenance_policy": [
                        "list",
                        [
                          "object",
                          {
                            "daily_maintenance_window": [
                              "list",
                              [
                                "object",
                                {
                                  "duration": "string",
                                  "start_time": "string"
                                }
                              ]
                            ],
                            "maintenance_exclusion": [
                              "set",
                              [
                                "object",
                                {
                                  "end_time": "string",
                                  "exclusion_name": "string",
                                  "exclusion_options": [
                                    "list",
                                    [
                                      "object",
                                      {
                                        "scope": "string"
                                      }
                                    ]
                                  ],
                                  "start_time": "string"
                                }
                              ]
                            ],
                            "recurring_window": [
                              "list",
                              [
                                "object",
                                {
                                  "end_time": "string",
                                  "recurrence": "string",
                                  "start_time": "string"
                                }
                              ]
                            ]
                          }
                        ]
                      ],
                      "master_auth": [
                        "list",
                        [
                          "object",
                          {
                            "client_certificate": "string",
                            "client_certificate_config": [
                              "list",
                              [
                                "object",
                                {
                                  "issue_client_certificate": "bool"
                                }
                              ]
                            ],
                            "client_key": "string",
                            "cluster_ca_certificate": "string"
                          }
                        ]
                      ],
                      "master_authorized_networks_config": [
                        "list",
                        [
                          "object",
                          {
                            "cidr_blocks": [
                              "set",
                              [
                                "object",
                                {
                                  "cidr_block": "string",
                                  "display_name": "string"
                                }
                              ]
                            ]
                          }
                        ]
                      ],
                      "master_version": "string",
                      "mesh_certificates": [
                        "list",
                        [
                          "object",
                          {
                            "enable_certificates": "bool"
                          }
                        ]
                      ],
                      "min_master_version": "string",
                      "monitoring_config": [
                        "list",
                        [
                          "object",
                          {
                            "enable_components": [
                              "list",
                              "string"
                            ],
                            "managed_prometheus": [
                              "list",
                              [
                                "object",
                                {
                                  "enabled": "bool"
                                }
                              ]
                            ]
                          }
                        ]
                      ],
                      "monitoring_service": "string",
                      "name": "string",
                      "network": "string",
                      "network_policy": [
                        "list",
                        [
                          "object",
                          {
                            "enabled": "bool",
                            "provider": "string"
                          }
                        ]
                      ],
                      "networking_mode": "string",
                      "node_config": [
                        "list",
                        [
                          "object",
                          {
                            "boot_disk_kms_key": "string",
                            "disk_size_gb": "number",
                            "disk_type": "string",
                            "ephemeral_storage_config": [
                              "list",
                              [
                                "object",
                                {
                                  "local_ssd_count": "number"
                                }
                              ]
                            ],
                            "gcfs_config": [
                              "list",
                              [
                                "object",
                                {
                                  "enabled": "bool"
                                }
                              ]
                            ],
                            "guest_accelerator": [
                              "list",
                              [
                                "object",
                                {
                                  "count": "number",
                                  "gpu_partition_size": "string",
                                  "gpu_sharing_config": [
                                    "list",
                                    [
                                      "object",
                                      {
                                        "gpu_sharing_strategy": "string",
                                        "max_shared_clients_per_gpu": "number"
                                      }
                                    ]
                                  ],
                                  "type": "string"
                                }
                              ]
                            ],
                            "gvnic": [
                              "list",
                              [
                                "object",
                                {
                                  "enabled": "bool"
                                }
                              ]
                            ],
                            "image_type": "string",
                            "kubelet_config": [
                              "list",
                              [
                                "object",
                                {
                                  "cpu_cfs_quota": "bool",
                                  "cpu_cfs_quota_period": "string",
                                  "cpu_manager_policy": "string"
                                }
                              ]
                            ],
                            "labels": [
                              "map",
                              "string"
                            ],
                            "linux_node_config": [
                              "list",
                              [
                                "object",
                                {
                                  "sysctls": [
                                    "map",
                                    "string"
                                  ]
                                }
                              ]
                            ],
                            "local_ssd_count": "number",
                            "logging_variant": "string",
                            "machine_type": "string",
                            "metadata": [
                              "map",
                              "string"
                            ],
                            "min_cpu_platform": "string",
                            "node_group": "string",
                            "oauth_scopes": [
                              "set",
                              "string"
                            ],
                            "preemptible": "bool",
                            "reservation_affinity": [
                              "list",
                              [
                                "object",
                                {
                                  "consume_reservation_type": "string",
                                  "key": "string",
                                  "values": [
                                    "set",
                                    "string"
                                  ]
                                }
                              ]
                            ],
                            "sandbox_config": [
                              "list",
                              [
                                "object",
                                {
                                  "sandbox_type": "string"
                                }
                              ]
                            ],
                            "service_account": "string",
                            "shielded_instance_config": [
                              "list",
                              [
                                "object",
                                {
                                  "enable_integrity_monitoring": "bool",
                                  "enable_secure_boot": "bool"
                                }
                              ]
                            ],
                            "spot": "bool",
                            "tags": [
                              "list",
                              "string"
                            ],
                            "taint": [
                              "list",
                              [
                                "object",
                                {
                                  "effect": "string",
                                  "key": "string",
                                  "value": "string"
                                }
                              ]
                            ],
                            "workload_metadata_config": [
                              "list",
                              [
                                "object",
                                {
                                  "mode": "string"
                                }
                              ]
                            ]
                          }
                        ]
                      ],
                      "node_locations": [
                        "set",
                        "string"
                      ],
                      "node_pool": [
                        "list",
                        [
                          "object",
                          {
                            "autoscaling": [
                              "list",
                              [
                                "object",
                                {
                                  "location_policy": "string",
                                  "max_node_count": "number",
                                  "min_node_count": "number",
                                  "total_max_node_count": "number",
                                  "total_min_node_count": "number"
                                }
                              ]
                            ],
                            "initial_node_count": "number",
                            "instance_group_urls": [
                              "list",
                              "string"
                            ],
                            "managed_instance_group_urls": [
                              "list",
                              "string"
                            ],
                            "management": [
                              "list",
                              [
                                "object",
                                {
                                  "auto_repair": "bool",
                                  "auto_upgrade": "bool"
                                }
                              ]
                            ],
                            "max_pods_per_node": "number",
                            "name": "string",
                            "name_prefix": "string",
                            "network_config": [
                              "list",
                              [
                                "object",
                                {
                                  "create_pod_range": "bool",
                                  "pod_ipv4_cidr_block": "string",
                                  "pod_range": "string"
                                }
                              ]
                            ],
                            "node_config": [
                              "list",
                              [
                                "object",
                                {
                                  "boot_disk_kms_key": "string",
                                  "disk_size_gb": "number",
                                  "disk_type": "string",
                                  "ephemeral_storage_config": [
                                    "list",
                                    [
                                      "object",
                                      {
                                        "local_ssd_count": "number"
                                      }
                                    ]
                                  ],
                                  "gcfs_config": [
                                    "list",
                                    [
                                      "object",
                                      {
                                        "enabled": "bool"
                                      }
                                    ]
                                  ],
                                  "guest_accelerator": [
                                    "list",
                                    [
                                      "object",
                                      {
                                        "count": "number",
                                        "gpu_partition_size": "string",
                                        "gpu_sharing_config": [
                                          "list",
                                          [
                                            "object",
                                            {
                                              "gpu_sharing_strategy": "string",
                                              "max_shared_clients_per_gpu": "number"
                                            }
                                          ]
                                        ],
                                        "type": "string"
                                      }
                                    ]
                                  ],
                                  "gvnic": [
                                    "list",
                                    [
                                      "object",
                                      {
                                        "enabled": "bool"
                                      }
                                    ]
                                  ],
                                  "image_type": "string",
                                  "kubelet_config": [
                                    "list",
                                    [
                                      "object",
                                      {
                                        "cpu_cfs_quota": "bool",
                                        "cpu_cfs_quota_period": "string",
                                        "cpu_manager_policy": "string"
                                      }
                                    ]
                                  ],
                                  "labels": [
                                    "map",
                                    "string"
                                  ],
                                  "linux_node_config": [
                                    "list",
                                    [
                                      "object",
                                      {
                                        "sysctls": [
                                          "map",
                                          "string"
                                        ]
                                      }
                                    ]
                                  ],
                                  "local_ssd_count": "number",
                                  "logging_variant": "string",
                                  "machine_type": "string",
                                  "metadata": [
                                    "map",
                                    "string"
                                  ],
                                  "min_cpu_platform": "string",
                                  "node_group": "string",
                                  "oauth_scopes": [
                                    "set",
                                    "string"
                                  ],
                                  "preemptible": "bool",
                                  "reservation_affinity": [
                                    "list",
                                    [
                                      "object",
                                      {
                                        "consume_reservation_type": "string",
                                        "key": "string",
                                        "values": [
                                          "set",
                                          "string"
                                        ]
                                      }
                                    ]
                                  ],
                                  "sandbox_config": [
                                    "list",
                                    [
                                      "object",
                                      {
                                        "sandbox_type": "string"
                                      }
                                    ]
                                  ],
                                  "service_account": "string",
                                  "shielded_instance_config": [
                                    "list",
                                    [
                                      "object",
                                      {
                                        "enable_integrity_monitoring": "bool",
                                        "enable_secure_boot": "bool"
                                      }
                                    ]
                                  ],
                                  "spot": "bool",
                                  "tags": [
                                    "list",
                                    "string"
                                  ],
                                  "taint": [
                                    "list",
                                    [
                                      "object",
                                      {
                                        "effect": "string",
                                        "key": "string",
                                        "value": "string"
                                      }
                                    ]
                                  ],
                                  "workload_metadata_config": [
                                    "list",
                                    [
                                      "object",
                                      {
                                        "mode": "string"
                                      }
                                    ]
                                  ]
                                }
                              ]
                            ],
                            "node_count": "number",
                            "node_locations": [
                              "set",
                              "string"
                            ],
                            "placement_policy": [
                              "list",
                              [
                                "object",
                                {
                                  "type": "string"
                                }
                              ]
                            ],
                            "upgrade_settings": [
                              "list",
                              [
                                "object",
                                {
                                  "blue_green_settings": [
                                    "list",
                                    [
                                      "object",
                                      {
                                        "node_pool_soak_duration": "string",
                                        "standard_rollout_policy": [
                                          "list",
                                          [
                                            "object",
                                            {
                                              "batch_node_count": "number",
                                              "batch_percentage": "number",
                                              "batch_soak_duration": "string"
                                            }
                                          ]
                                        ]
                                      }
                                    ]
                                  ],
                                  "max_surge": "number",
                                  "max_unavailable": "number",
                                  "strategy": "string"
                                }
                              ]
                            ],
                            "version": "string"
                          }
                        ]
                      ],
                      "node_pool_auto_config": [
                        "list",
                        [
                          "object",
                          {
                            "network_tags": [
                              "list",
                              [
                                "object",
                                {
                                  "tags": [
                                    "list",
                                    "string"
                                  ]
                                }
                              ]
                            ]
                          }
                        ]
                      ],
                      "node_pool_defaults": [
                        "list",
                        [
                          "object",
                          {
                            "node_config_defaults": [
                              "list",
                              [
                                "object",
                                {
                                  "gcfs_config": [
                                    "list",
                                    [
                                      "object",
                                      {
                                        "enabled": "bool"
                                      }
                                    ]
                                  ],
                                  "logging_variant": "string"
                                }
                              ]
                            ]
                          }
                        ]
                      ],
                      "node_version": "string",
                      "notification_config": [
                        "list",
                        [
                          "object",
                          {
                            "pubsub": [
                              "list",
                              [
                                "object",
                                {
                                  "enabled": "bool",
                                  "filter": [
                                    "list",
                                    [
                                      "object",
                                      {
                                        "event_type": [
                                          "list",
                                          "string"
                                        ]
                                      }
                                    ]
                                  ],
                                  "topic": "string"
                                }
                              ]
                            ]
                          }
                        ]
                      ],
                      "operation": "string",
                      "pod_security_policy_config": [
                        "list",
                        [
                          "object",
                          {
                            "enabled": "bool"
                          }
                        ]
                      ],
                      "private_cluster_config": [
                        "list",
                        [
                          "object",
                          {
                            "enable_private_endpoint": "bool",
                            "enable_private_nodes": "bool",
                            "master_global_access_config": [
                              "list",
                              [
                                "object",
                                {
                                  "enabled": "bool"
                                }
                              ]
                            ],
                            "master_ipv4_cidr_block": "string",
                            "peering_name": "string",
                            "private_endpoint": "string",
                            "public_endpoint": "string"
                          }
                        ]
                      ],
                      "private_ipv6_google_access": "string",
                      "project": "string",
                      "release_channel": [
                        "list",
                        [
                          "object",
                          {
                            "channel": "string"
                          }
                        ]
                      ],
                      "remove_default_node_pool": "bool",
                      "resource_labels": [
                        "map",
                        "string"
                      ],
                      "resource_usage_export_config": [
                        "list",
                        [
                          "object",
                          {
                            "bigquery_destination": [
                              "list",
                              [
                                "object",
                                {
                                  "dataset_id": "string"
                                }
                              ]
                            ],
                            "enable_network_egress_metering": "bool",
                            "enable_resource_consumption_metering": "bool"
                          }
                        ]
                      ],
                      "self_link": "string",
                      "service_external_ips_config": [
                        "list",
                        [
                          "object",
                          {
                            "enabled": "bool"
                          }
                        ]
                      ],
                      "services_ipv4_cidr": "string",
                      "subnetwork": "string",
                      "timeouts": [
                        "object",
                        {
                          "create": "string",
                          "delete": "string",
                          "read": "string",
                          "update": "string"
                        }
                      ],
                      "tpu_config": [
                        "list",
                        [
                          "object",
                          {
                            "enabled": "bool",
                            "ipv4_cidr_block": "string",
                            "use_service_networking": "bool"
                          }
                        ]
                      ],
                      "tpu_ipv4_cidr_block": "string",
                      "vertical_pod_autoscaling": [
                        "list",
                        [
                          "object",
                          {
                            "enabled": "bool"
                          }
                        ]
                      ],
                      "workload_identity_config": [
                        "list",
                        [
                          "object",
                          {
                            "workload_pool": "string"
                          }
                        ]
                      ]
                    }
                  ],
                  "kf_subnet": [
                    "object",
                    {
                      "creation_timestamp": "string",
                      "description": "string",
                      "external_ipv6_prefix": "string",
                      "fingerprint": "string",
                      "gateway_address": "string",
                      "id": "string",
                      "ip_cidr_range": "string",
                      "ipv6_access_type": "string",
                      "ipv6_cidr_range": "string",
                      "log_config": [
                        "list",
                        [
                          "object",
                          {
                            "aggregation_interval": "string",
                            "filter_expr": "string",
                            "flow_sampling": "number",
                            "metadata": "string",
                            "metadata_fields": [
                              "set",
                              "string"
                            ]
                          }
                        ]
                      ],
                      "name": "string",
                      "network": "string",
                      "private_ip_google_access": "bool",
                      "private_ipv6_google_access": "string",
                      "project": "string",
                      "purpose": "string",
                      "region": "string",
                      "role": "string",
                      "secondary_ip_range": [
                        "list",
                        [
                          "object",
                          {
                            "ip_cidr_range": "string",
                            "range_name": "string"
                          }
                        ]
                      ],
                      "self_link": "string",
                      "stack_type": "string",
                      "timeouts": [
                        "object",
                        {
                          "create": "string",
                          "delete": "string",
                          "update": "string"
                        }
                      ]
                    }
                  ],
                  "kf_vpc": [
                    "object",
                    {
                      "auto_create_subnetworks": "bool",
                      "delete_default_routes_on_create": "bool",
                      "description": "string",
                      "enable_ula_internal_ipv6": "bool",
                      "gateway_ipv4": "string",
                      "id": "string",
                      "internal_ipv6_range": "string",
                      "mtu": "number",
                      "name": "string",
                      "project": "string",
                      "routing_mode": "string",
                      "self_link": "string",
                      "timeouts": [
                        "object",
                        {
                          "create": "string",
                          "delete": "string",
                          "update": "string"
                        }
                      ]
                    }
                  ]
                }
              ]
            },
            "workspace": null
          },
          "sensitive_attributes": []
        }
      ]
    },
    {
      "mode": "managed",
      "type": "google_compute_firewall",
      "name": "ssh",
      "provider": "provider[\"registry.terraform.io/hashicorp/google\"]",
      "instances": [
        {
          "schema_version": 1,
          "attributes": {
            "allow": [
              {
                "ports": [
                  "22"
                ],
                "protocol": "tcp"
              }
            ],
            "creation_timestamp": "2022-12-01T17:10:08.978-08:00",
            "deny": [],
            "description": "Creates firewall rule targeting tagged instances",
            "destination_ranges": [],
            "direction": "INGRESS",
            "disabled": false,
            "enable_logging": null,
            "id": "projects/class-mino-01/global/firewalls/kf-allow-ssh",
            "log_config": [],
            "name": "kf-allow-ssh",
            "network": "https://www.googleapis.com/compute/v1/projects/class-mino-01/global/networks/kf-vpc-01",
            "priority": 1000,
            "project": "class-mino-01",
            "self_link": "https://www.googleapis.com/compute/v1/projects/class-mino-01/global/firewalls/kf-allow-ssh",
            "source_ranges": [
              "35.235.240.0/20"
            ],
            "source_service_accounts": null,
            "source_tags": null,
            "target_service_accounts": null,
            "target_tags": [
              "bastion"
            ],
            "timeouts": null
          },
          "sensitive_attributes": [],
          "private": "eyJlMmJmYjczMC1lY2FhLTExZTYtOGY4OC0zNDM2M2JjN2M0YzAiOnsiY3JlYXRlIjoxMjAwMDAwMDAwMDAwLCJkZWxldGUiOjEyMDAwMDAwMDAwMDAsInVwZGF0ZSI6MTIwMDAwMDAwMDAwMH0sInNjaGVtYV92ZXJzaW9uIjoiMSJ9",
          "dependencies": [
            "data.terraform_remote_state.kf_bucket"
          ]
        }
      ]
    },
    {
      "mode": "managed",
      "type": "google_compute_global_address",
      "name": "db_address",
      "provider": "provider[\"registry.terraform.io/hashicorp/google\"]",
      "instances": [
        {
          "schema_version": 0,
          "attributes": {
            "address": "10.20.0.0",
            "address_type": "INTERNAL",
            "creation_timestamp": "2022-12-01T17:10:08.963-08:00",
            "description": "",
            "id": "projects/class-mino-01/global/addresses/kf-sql-address-01",
            "ip_version": "",
            "name": "kf-sql-address-01",
            "network": "https://www.googleapis.com/compute/v1/projects/class-mino-01/global/networks/kf-vpc-01",
            "prefix_length": 16,
            "project": "class-mino-01",
            "purpose": "VPC_PEERING",
            "self_link": "https://www.googleapis.com/compute/v1/projects/class-mino-01/global/addresses/kf-sql-address-01",
            "timeouts": null
          },
          "sensitive_attributes": [],
          "private": "eyJlMmJmYjczMC1lY2FhLTExZTYtOGY4OC0zNDM2M2JjN2M0YzAiOnsiY3JlYXRlIjoxMjAwMDAwMDAwMDAwLCJkZWxldGUiOjEyMDAwMDAwMDAwMDB9fQ==",
          "dependencies": [
            "data.terraform_remote_state.kf_bucket"
          ]
        }
      ]
    },
    {
      "mode": "managed",
      "type": "google_compute_instance",
      "name": "bastion",
      "provider": "provider[\"registry.terraform.io/hashicorp/google\"]",
      "instances": [
        {
          "schema_version": 6,
          "attributes": {
            "advanced_machine_features": [],
            "allow_stopping_for_update": null,
            "attached_disk": [],
            "boot_disk": [
              {
                "auto_delete": true,
                "device_name": "persistent-disk-0",
                "disk_encryption_key_raw": "",
                "disk_encryption_key_sha256": "",
                "initialize_params": [
                  {
                    "image": "https://www.googleapis.com/compute/v1/projects/rocky-linux-cloud/global/images/rocky-linux-8-optimized-gcp-v20221102",
                    "labels": {},
                    "size": 20,
                    "type": "pd-standard"
                  }
                ],
                "kms_key_self_link": "",
                "mode": "READ_WRITE",
                "source": "https://www.googleapis.com/compute/v1/projects/class-mino-01/zones/asia-northeast3-a/disks/kf-bastion-01"
              }
            ],
            "can_ip_forward": false,
            "confidential_instance_config": [],
            "cpu_platform": "Intel Broadwell",
            "current_status": "RUNNING",
            "deletion_protection": false,
            "description": "",
            "desired_status": null,
            "enable_display": false,
            "guest_accelerator": [],
            "hostname": "",
            "id": "projects/class-mino-01/zones/asia-northeast3-a/instances/kf-bastion-01",
            "instance_id": "4013626711989350044",
            "label_fingerprint": "42WmSpB8rSM=",
            "labels": null,
            "machine_type": "e2-medium",
            "metadata": null,
            "metadata_fingerprint": "dczx-qjMKj4=",
            "metadata_startup_script": "  echo \"export USE_GKE_GCLOUD_AUTH_PLUGIN=True\" \u003e\u003e /etc/profile\n  sudo yum install -y google-cloud-sdk-gke-gcloud-auth-plugin\n  sudo yum install -y kubectl\n  sudo yum install -y bash-completion\n  source \u003c(kubectl completion bash)\n  echo \"gcloud container clusters get-credentials cluster-1 --zone asia-northeast3-a --project class-mino-01 \u003e /dev/null 2\u003e\u00261\" \u003e\u003e /etc/profile\n  echo \"source \u003c(kubectl completion bash)\" \u003e\u003e /etc/bashrc\n  sudo yum remove docker \\\n                  docker-client \\\n                  docker-client-latest \\\n                  docker-common \\\n                  docker-latest \\\n                  docker-latest-logrotate \\\n                  docker-logrotate \\\n                  docker-engine\n  sudo yum install -y yum-utils\n  sudo yum-config-manager \\\n      --add-repo \\\n       https://download.docker.com/linux/centos/docker-ce.repo\n  sudo yum -y install docker-ce docker-ce-cli containerd.io docker-compose-plugin\n  systemctl enable --now docker\n  sudo usermod -a -G docker gmlxo4409\n  sudo yum install -y git\n",
            "min_cpu_platform": "",
            "name": "kf-bastion-01",
            "network_interface": [
              {
                "access_config": [
                  {
                    "nat_ip": "34.64.39.191",
                    "network_tier": "PREMIUM",
                    "public_ptr_domain_name": ""
                  }
                ],
                "alias_ip_range": [],
                "ipv6_access_config": [],
                "ipv6_access_type": "",
                "name": "nic0",
                "network": "https://www.googleapis.com/compute/v1/projects/class-mino-01/global/networks/kf-vpc-01",
                "network_ip": "10.0.0.200",
                "nic_type": "",
                "queue_count": 0,
                "stack_type": "IPV4_ONLY",
                "subnetwork": "https://www.googleapis.com/compute/v1/projects/class-mino-01/regions/asia-northeast3/subnetworks/kf-subnet-01",
                "subnetwork_project": "class-mino-01"
              }
            ],
            "project": "class-mino-01",
            "reservation_affinity": [],
            "resource_policies": null,
            "scheduling": [
              {
                "automatic_restart": true,
                "instance_termination_action": "",
                "min_node_cpus": 0,
                "node_affinities": [],
                "on_host_maintenance": "MIGRATE",
                "preemptible": false,
                "provisioning_model": "STANDARD"
              }
            ],
            "scratch_disk": [],
            "self_link": "https://www.googleapis.com/compute/v1/projects/class-mino-01/zones/asia-northeast3-a/instances/kf-bastion-01",
            "service_account": [
              {
                "email": "790466944633-compute@developer.gserviceaccount.com",
                "scopes": [
                  "https://www.googleapis.com/auth/cloud-platform"
                ]
              }
            ],
            "shielded_instance_config": [
              {
                "enable_integrity_monitoring": true,
                "enable_secure_boot": false,
                "enable_vtpm": true
              }
            ],
            "tags": [
              "bastion"
            ],
            "tags_fingerprint": "NfTTNVh6sLU=",
            "timeouts": null,
            "zone": "asia-northeast3-a"
          },
          "sensitive_attributes": [],
          "private": "eyJlMmJmYjczMC1lY2FhLTExZTYtOGY4OC0zNDM2M2JjN2M0YzAiOnsiY3JlYXRlIjoxMjAwMDAwMDAwMDAwLCJkZWxldGUiOjEyMDAwMDAwMDAwMDAsInVwZGF0ZSI6MTIwMDAwMDAwMDAwMH0sInNjaGVtYV92ZXJzaW9uIjoiNiJ9",
          "dependencies": [
            "data.template_file.startup_script",
            "data.terraform_remote_state.kf_bucket"
          ]
        }
      ]
    },
    {
      "mode": "managed",
      "type": "google_service_networking_connection",
      "name": "kf_vpc_connection",
      "provider": "provider[\"registry.terraform.io/hashicorp/google\"]",
      "instances": [
        {
          "schema_version": 0,
          "attributes": {
            "id": "projects%2Fclass-mino-01%2Fglobal%2Fnetworks%2Fkf-vpc-01:servicenetworking.googleapis.com",
            "network": "projects/class-mino-01/global/networks/kf-vpc-01",
            "peering": "servicenetworking-googleapis-com",
            "reserved_peering_ranges": [
              "kf-sql-address-01"
            ],
            "service": "servicenetworking.googleapis.com",
            "timeouts": null
          },
          "sensitive_attributes": [],
          "private": "eyJlMmJmYjczMC1lY2FhLTExZTYtOGY4OC0zNDM2M2JjN2M0YzAiOnsiY3JlYXRlIjo2MDAwMDAwMDAwMDAsImRlbGV0ZSI6NjAwMDAwMDAwMDAwLCJ1cGRhdGUiOjYwMDAwMDAwMDAwMH19",
          "dependencies": [
            "data.terraform_remote_state.kf_bucket",
            "google_compute_global_address.db_address"
          ]
        }
      ]
    },
    {
      "mode": "managed",
      "type": "google_sql_database_instance",
      "name": "kf_db",
      "provider": "provider[\"registry.terraform.io/hashicorp/google\"]",
      "instances": [
        {
          "schema_version": 0,
          "attributes": {
            "available_maintenance_versions": [],
            "clone": [],
            "connection_name": "class-mino-01:asia-northeast3:kf-sql-01",
            "database_version": "MYSQL_8_0",
            "deletion_protection": false,
            "encryption_key_name": null,
            "first_ip_address": "10.20.0.2",
            "id": "kf-sql-01",
            "ip_address": [
              {
                "ip_address": "10.20.0.2",
                "time_to_retire": "",
                "type": "PRIVATE"
              }
            ],
            "maintenance_version": "MYSQL_8_0_26.R20221108.00_01",
            "master_instance_name": "",
            "name": "kf-sql-01",
            "private_ip_address": "10.20.0.2",
            "project": "class-mino-01",
            "public_ip_address": "",
            "region": "asia-northeast3",
            "replica_configuration": [],
            "restore_backup_context": [],
            "root_password": null,
            "self_link": "https://sqladmin.googleapis.com/sql/v1beta4/projects/class-mino-01/instances/kf-sql-01",
            "server_ca_cert": [
              {
                "cert": "-----BEGIN CERTIFICATE-----\nMIIDfzCCAmegAwIBAgIBADANBgkqhkiG9w0BAQsFADB3MS0wKwYDVQQuEyRiNTdh\nMDI5Zi0wNjEyLTQ0NTgtOTFlZC05MTM2MGNmYjY4MWExIzAhBgNVBAMTGkdvb2ds\nZSBDbG91ZCBTUUwgU2VydmVyIENBMRQwEgYDVQQKEwtHb29nbGUsIEluYzELMAkG\nA1UEBhMCVVMwHhcNMjIxMjAyMDExNjExWhcNMzIxMTI5MDExNzExWjB3MS0wKwYD\nVQQuEyRiNTdhMDI5Zi0wNjEyLTQ0NTgtOTFlZC05MTM2MGNmYjY4MWExIzAhBgNV\nBAMTGkdvb2dsZSBDbG91ZCBTUUwgU2VydmVyIENBMRQwEgYDVQQKEwtHb29nbGUs\nIEluYzELMAkGA1UEBhMCVVMwggEiMA0GCSqGSIb3DQEBAQUAA4IBDwAwggEKAoIB\nAQDbRq7D7K0aRFqnXxwMdeOsbcCXmbKG2Ki8T6QfDB3xmqCHjXP9ezdjikvrC/xw\nDQGDki5vHv5Nb159DGqMniuB+47AHcchc1iQifoV00PFjQ4yRNhwgqs4NWVqOBY1\nG53qKGC+UhxSV1KHUW55SCI4COdCRpDcsN5CLaW3PjzeHZTguYWOs6tLaDB//C4y\nTCXcw4CstBaOmiftz/KdH1B+tHDYu57wQUMVa5D2bl456Ocrq2u246KK/8g5wmie\n+y7ac10biExpofGU9tkb4XUU7HGD+vbzzaDPr42M0AJ4UcT7V2RvJip6otk6gOr9\nLuKR9sgA1tMlPU4ltobATrkhAgMBAAGjFjAUMBIGA1UdEwEB/wQIMAYBAf8CAQAw\nDQYJKoZIhvcNAQELBQADggEBAKGdTL9X9P/KBpA5GXLUGNZtd2MOwqx86MfF7d/L\ndrleia0B9Joh5jpjS8X11bV0BIx1I1eMZEMJiGtmV518lyfJFfJ1LzRq59ehCHf7\ns+ExxhlcNl3UwLfRPJcT7unZU/N7KTpXE9gbDuhZKPgGcWm9CgLMlVo09N6E4Z6m\nDYZ890YinObjnk+O3v3xSOtTcwNplMC+yOvRYFHZbR1BI9wDEv7CnAL/P44fjk1P\nO/YxT7KJh8HM/C0E5gXQDZIUDG6QhQEqdDo6MFjRJTXxvMxbNm9N/RO38cWx6Ykt\nwC9YgdF2zDOscN+eipdvvFUv28MnwM5m8n5ZZ7jZHNvHayk=\n-----END CERTIFICATE-----",
                "common_name": "C=US,O=Google\\, Inc,CN=Google Cloud SQL Server CA,dnQualifier=b57a029f-0612-4458-91ed-91360cfb681a",
                "create_time": "2022-12-02T01:16:11.491Z",
                "expiration_time": "2032-11-29T01:17:11.491Z",
                "sha1_fingerprint": "f8812be0412405371b065cd5ee6083e1743338d9"
              }
            ],
            "service_account_email_address": "p790466944633-61ycdc@gcp-sa-cloud-sql.iam.gserviceaccount.com",
            "settings": [
              {
                "activation_policy": "ALWAYS",
                "active_directory_config": [],
                "availability_type": "REGIONAL",
                "backup_configuration": [
                  {
                    "backup_retention_settings": [
                      {
                        "retained_backups": 7,
                        "retention_unit": "COUNT"
                      }
                    ],
                    "binary_log_enabled": true,
                    "enabled": true,
                    "location": "",
                    "point_in_time_recovery_enabled": false,
                    "start_time": "16:00",
                    "transaction_log_retention_days": 7
                  }
                ],
                "collation": "",
                "database_flags": [],
                "disk_autoresize": true,
                "disk_autoresize_limit": 0,
                "disk_size": 10,
                "disk_type": "PD_SSD",
                "insights_config": [],
                "ip_configuration": [
                  {
                    "allocated_ip_range": "",
                    "authorized_networks": [],
                    "ipv4_enabled": false,
                    "private_network": "projects/class-mino-01/global/networks/kf-vpc-01",
                    "require_ssl": false
                  }
                ],
                "location_preference": [
                  {
                    "follow_gae_application": "",
                    "secondary_zone": "",
                    "zone": "asia-northeast3-a"
                  }
                ],
                "maintenance_window": [],
                "password_validation_policy": [],
                "pricing_plan": "PER_USE",
                "sql_server_audit_config": [],
                "tier": "db-f1-micro",
                "time_zone": "",
                "user_labels": {},
                "version": 4
              }
            ],
            "timeouts": null
          },
          "sensitive_attributes": [],
          "private": "eyJlMmJmYjczMC1lY2FhLTExZTYtOGY4OC0zNDM2M2JjN2M0YzAiOnsiY3JlYXRlIjoxODAwMDAwMDAwMDAwLCJkZWxldGUiOjE4MDAwMDAwMDAwMDAsInVwZGF0ZSI6MTgwMDAwMDAwMDAwMH19",
          "dependencies": [
            "data.terraform_remote_state.kf_bucket",
            "google_compute_global_address.db_address",
            "google_service_networking_connection.kf_vpc_connection"
          ]
        }
      ]
    }
  ],
  "check_results": null
}
